
Microsoft Visual Studio Solution File, Format Version 12.00
# Visual Studio Version 16
VisualStudioVersion = 16.0.30907.101
MinimumVisualStudioVersion = 10.0.40219.1
Project("{FAE04EC0-301F-11D3-BF4B-00C04F79EFBC}") = "WebApp", "WebApp.csproj", "{3BAE8331-77BA-43D3-9896-7DF2DCF7E151}"
EndProject
Global
	GlobalSection(SolutionConfigurationPlatforms) = preSolution
		Debug|Any CPU = Debug|Any CPU
		Release|Any CPU = Release|Any CPU
	EndGlobalSection
	GlobalSection(ProjectConfigurationPlatforms) = postSolution
		{3BAE8331-77BA-43D3-9896-7DF2DCF7E151}.Debug|Any CPU.ActiveCfg = Debug|Any CPU
		{3BAE8331-77BA-43D3-9896-7DF2DCF7E151}.Debug|Any CPU.Build.0 = Debug|Any CPU
		{3BAE8331-77BA-43D3-9896-7DF2DCF7E151}.Release|Any CPU.ActiveCfg = Release|Any CPU
		{3BAE8331-77BA-43D3-9896-7DF2DCF7E151}.Release|Any CPU.Build.0 = Release|Any CPU
	EndGlobalSection
	GlobalSection(SolutionProperties) = preSolution
		HideSolutionNode = FALSE
	EndGlobalSection
	GlobalSection(ExtensibilityGlobals) = postSolution
		SolutionGuid = {A15CD107-DAE6-4ED2-8C8D-594B24C16D4B}
	EndGlobalSection
EndGlobal
